
Microsoft Visual Studio Solution File, Format Version 12.00
# Visual Studio Version 17
VisualStudioVersion = 17.4.33213.308
MinimumVisualStudioVersion = 10.0.40219.1
Project("{FAE04EC0-301F-11D3-BF4B-00C04F79EFBC}") = "Entity", "Entity\Entity.csproj", "{EFA6014E-D17D-4CCA-B3F0-379C9E7D5EC8}"
EndProject
Project("{FAE04EC0-301F-11D3-BF4B-00C04F79EFBC}") = "Control", "Control\Control.csproj", "{DC91528A-F8CC-4182-9BE4-71FBF8CB040C}"
EndProject
Project("{FAE04EC0-301F-11D3-BF4B-00C04F79EFBC}") = "Console", "Console\Console.csproj", "{6E058F63-14F0-4F51-87BC-2626D8B7F71E}"
EndProject
Global
	GlobalSection(SolutionConfigurationPlatforms) = preSolution
		Debug|Any CPU = Debug|Any CPU
		Release|Any CPU = Release|Any CPU
	EndGlobalSection
	GlobalSection(ProjectConfigurationPlatforms) = postSolution
		{EFA6014E-D17D-4CCA-B3F0-379C9E7D5EC8}.Debug|Any CPU.ActiveCfg = Debug|Any CPU
		{EFA6014E-D17D-4CCA-B3F0-379C9E7D5EC8}.Debug|Any CPU.Build.0 = Debug|Any CPU
		{EFA6014E-D17D-4CCA-B3F0-379C9E7D5EC8}.Release|Any CPU.ActiveCfg = Release|Any CPU
		{EFA6014E-D17D-4CCA-B3F0-379C9E7D5EC8}.Release|Any CPU.Build.0 = Release|Any CPU
		{DC91528A-F8CC-4182-9BE4-71FBF8CB040C}.Debug|Any CPU.ActiveCfg = Debug|Any CPU
		{DC91528A-F8CC-4182-9BE4-71FBF8CB040C}.Debug|Any CPU.Build.0 = Debug|Any CPU
		{DC91528A-F8CC-4182-9BE4-71FBF8CB040C}.Release|Any CPU.ActiveCfg = Release|Any CPU
		{DC91528A-F8CC-4182-9BE4-71FBF8CB040C}.Release|Any CPU.Build.0 = Release|Any CPU
		{6E058F63-14F0-4F51-87BC-2626D8B7F71E}.Debug|Any CPU.ActiveCfg = Debug|Any CPU
		{6E058F63-14F0-4F51-87BC-2626D8B7F71E}.Debug|Any CPU.Build.0 = Debug|Any CPU
		{6E058F63-14F0-4F51-87BC-2626D8B7F71E}.Release|Any CPU.ActiveCfg = Release|Any CPU
		{6E058F63-14F0-4F51-87BC-2626D8B7F71E}.Release|Any CPU.Build.0 = Release|Any CPU
	EndGlobalSection
	GlobalSection(SolutionProperties) = preSolution
		HideSolutionNode = FALSE
	EndGlobalSection
	GlobalSection(ExtensibilityGlobals) = postSolution
		SolutionGuid = {DBDEAFCC-A0CE-440E-B99F-D9DE77822551}
	EndGlobalSection
EndGlobal
